// !$*UTF8*$!
{
	archiveVersion = 1;
	classes = {
	};
	objectVersion = 77;
	objects = {

/* Begin PBXContainerItemProxy section */
		C95734032CB4C64E00E35F32 /* PBXContainerItemProxy */ = {
			isa = PBXContainerItemProxy;
			containerPortal = C95733E52CB4C64C00E35F32 /* Project object */;
			proxyType = 1;
			remoteGlobalIDString = C95733EC2CB4C64C00E35F32;
			remoteInfo = echoes;
		};
		C957340D2CB4C64E00E35F32 /* PBXContainerItemProxy */ = {
			isa = PBXContainerItemProxy;
			containerPortal = C95733E52CB4C64C00E35F32 /* Project object */;
			proxyType = 1;
			remoteGlobalIDString = C95733EC2CB4C64C00E35F32;
			remoteInfo = echoes;
		};
/* End PBXContainerItemProxy section */

/* Begin PBXFileReference section */
		C95733ED2CB4C64C00E35F32 /* echoes.app */ = {isa = PBXFileReference; explicitFileType = wrapper.application; includeInIndex = 0; path = echoes.app; sourceTree = BUILT_PRODUCTS_DIR; };
		C95734022CB4C64E00E35F32 /* echoesTests.xctest */ = {isa = PBXFileReference; explicitFileType = wrapper.cfbundle; includeInIndex = 0; path = echoesTests.xctest; sourceTree = BUILT_PRODUCTS_DIR; };
		C957340C2CB4C64E00E35F32 /* echoesUITests.xctest */ = {isa = PBXFileReference; explicitFileType = wrapper.cfbundle; includeInIndex = 0; path = echoesUITests.xctest; sourceTree = BUILT_PRODUCTS_DIR; };
/* End PBXFileReference section */

/* Begin PBXFileSystemSynchronizedBuildFileExceptionSet section */
		C9675AA12CBE17E400ADAEE5 /* Exceptions for "echoes" folder in "echoes" target */ = {
			isa = PBXFileSystemSynchronizedBuildFileExceptionSet;
			membershipExceptions = (
				Info.plist,
			);
			target = C95733EC2CB4C64C00E35F32 /* echoes */;
		};
/* End PBXFileSystemSynchronizedBuildFileExceptionSet section */

/* Begin PBXFileSystemSynchronizedRootGroup section */
		C95733EF2CB4C64C00E35F32 /* echoes */ = {
			isa = PBXFileSystemSynchronizedRootGroup;
			exceptions = (
				C9675AA12CBE17E400ADAEE5 /* Exceptions for "echoes" folder in "echoes" target */,
			);
			path = echoes;
			sourceTree = "<group>";
		};
		C95734052CB4C64E00E35F32 /* echoesTests */ = {
			isa = PBXFileSystemSynchronizedRootGroup;
			path = echoesTests;
			sourceTree = "<group>";
		};
		C957340F2CB4C64E00E35F32 /* echoesUITests */ = {
			isa = PBXFileSystemSynchronizedRootGroup;
			path = echoesUITests;
			sourceTree = "<group>";
		};
/* End PBXFileSystemSynchronizedRootGroup section */

/* Begin PBXFrameworksBuildPhase section */
		C95733EA2CB4C64C00E35F32 /* Frameworks */ = {
			isa = PBXFrameworksBuildPhase;
			buildActionMask = 2147483647;
			files = (
			);
			runOnlyForDeploymentPostprocessing = 0;
		};
		C95733FF2CB4C64E00E35F32 /* Frameworks */ = {
			isa = PBXFrameworksBuildPhase;
			buildActionMask = 2147483647;
			files = (
			);
			runOnlyForDeploymentPostprocessing = 0;
		};
		C95734092CB4C64E00E35F32 /* Frameworks */ = {
			isa = PBXFrameworksBuildPhase;
			buildActionMask = 2147483647;
			files = (
			);
			runOnlyForDeploymentPostprocessing = 0;
		};
/* End PBXFrameworksBuildPhase section */

/* Begin PBXGroup section */
		C95733E42CB4C64B00E35F32 = {
			isa = PBXGroup;
			children = (
				C95733EF2CB4C64C00E35F32 /* echoes */,
				C95734052CB4C64E00E35F32 /* echoesTests */,
				C957340F2CB4C64E00E35F32 /* echoesUITests */,
				C95733EE2CB4C64C00E35F32 /* Products */,
			);
			sourceTree = "<group>";
		};
		C95733EE2CB4C64C00E35F32 /* Products */ = {
			isa = PBXGroup;
			children = (
				C95733ED2CB4C64C00E35F32 /* echoes.app */,
				C95734022CB4C64E00E35F32 /* echoesTests.xctest */,
				C957340C2CB4C64E00E35F32 /* echoesUITests.xctest */,
			);
			name = Products;
			sourceTree = "<group>";
		};
/* End PBXGroup section */

/* Begin PBXNativeTarget section */
		C95733EC2CB4C64C00E35F32 /* echoes */ = {
			isa = PBXNativeTarget;
			buildConfigurationList = C95734162CB4C64E00E35F32 /* Build configuration list for PBXNativeTarget "echoes" */;
			buildPhases = (
				C95733E92CB4C64C00E35F32 /* Sources */,
				C95733EA2CB4C64C00E35F32 /* Frameworks */,
				C95733EB2CB4C64C00E35F32 /* Resources */,
			);
			buildRules = (
			);
			dependencies = (
			);
			fileSystemSynchronizedGroups = (
				C95733EF2CB4C64C00E35F32 /* echoes */,
			);
			name = echoes;
			packageProductDependencies = (
			);
			productName = echoes;
			productReference = C95733ED2CB4C64C00E35F32 /* echoes.app */;
			productType = "com.apple.product-type.application";
		};
		C95734012CB4C64E00E35F32 /* echoesTests */ = {
			isa = PBXNativeTarget;
			buildConfigurationList = C95734192CB4C64E00E35F32 /* Build configuration list for PBXNativeTarget "echoesTests" */;
			buildPhases = (
				C95733FE2CB4C64E00E35F32 /* Sources */,
				C95733FF2CB4C64E00E35F32 /* Frameworks */,
				C95734002CB4C64E00E35F32 /* Resources */,
			);
			buildRules = (
			);
			dependencies = (
				C95734042CB4C64E00E35F32 /* PBXTargetDependency */,
			);
			fileSystemSynchronizedGroups = (
				C95734052CB4C64E00E35F32 /* echoesTests */,
			);
			name = echoesTests;
			packageProductDependencies = (
			);
			productName = echoesTests;
			productReference = C95734022CB4C64E00E35F32 /* echoesTests.xctest */;
			productType = "com.apple.product-type.bundle.unit-test";
		};
		C957340B2CB4C64E00E35F32 /* echoesUITests */ = {
			isa = PBXNativeTarget;
			buildConfigurationList = C957341C2CB4C64E00E35F32 /* Build configuration list for PBXNativeTarget "echoesUITests" */;
			buildPhases = (
				C95734082CB4C64E00E35F32 /* Sources */,
				C95734092CB4C64E00E35F32 /* Frameworks */,
				C957340A2CB4C64E00E35F32 /* Resources */,
			);
			buildRules = (
			);
			dependencies = (
				C957340E2CB4C64E00E35F32 /* PBXTargetDependency */,
			);
			fileSystemSynchronizedGroups = (
				C957340F2CB4C64E00E35F32 /* echoesUITests */,
			);
			name = echoesUITests;
			packageProductDependencies = (
			);
			productName = echoesUITests;
			productReference = C957340C2CB4C64E00E35F32 /* echoesUITests.xctest */;
			productType = "com.apple.product-type.bundle.ui-testing";
		};
/* End PBXNativeTarget section */

/* Begin PBXProject section */
		C95733E52CB4C64C00E35F32 /* Project object */ = {
			isa = PBXProject;
			attributes = {
				BuildIndependentTargetsInParallel = 1;
				LastSwiftUpdateCheck = 1600;
				LastUpgradeCheck = 1600;
				TargetAttributes = {
					C95733EC2CB4C64C00E35F32 = {
						CreatedOnToolsVersion = 16.0;
					};
					C95734012CB4C64E00E35F32 = {
						CreatedOnToolsVersion = 16.0;
						TestTargetID = C95733EC2CB4C64C00E35F32;
					};
					C957340B2CB4C64E00E35F32 = {
						CreatedOnToolsVersion = 16.0;
						TestTargetID = C95733EC2CB4C64C00E35F32;
					};
				};
			};
			buildConfigurationList = C95733E82CB4C64C00E35F32 /* Build configuration list for PBXProject "echoes" */;
			developmentRegion = en;
			hasScannedForEncodings = 0;
			knownRegions = (
				en,
				Base,
			);
			mainGroup = C95733E42CB4C64B00E35F32;
			minimizedProjectReferenceProxies = 1;
			preferredProjectObjectVersion = 77;
			productRefGroup = C95733EE2CB4C64C00E35F32 /* Products */;
			projectDirPath = "";
			projectRoot = "";
			targets = (
				C95733EC2CB4C64C00E35F32 /* echoes */,
				C95734012CB4C64E00E35F32 /* echoesTests */,
				C957340B2CB4C64E00E35F32 /* echoesUITests */,
			);
		};
/* End PBXProject section */

/* Begin PBXResourcesBuildPhase section */
		C95733EB2CB4C64C00E35F32 /* Resources */ = {
			isa = PBXResourcesBuildPhase;
			buildActionMask = 2147483647;
			files = (
			);
			runOnlyForDeploymentPostprocessing = 0;
		};
		C95734002CB4C64E00E35F32 /* Resources */ = {
			isa = PBXResourcesBuildPhase;
			buildActionMask = 2147483647;
			files = (
			);
			runOnlyForDeploymentPostprocessing = 0;
		};
		C957340A2CB4C64E00E35F32 /* Resources */ = {
			isa = PBXResourcesBuildPhase;
			buildActionMask = 2147483647;
			files = (
			);
			runOnlyForDeploymentPostprocessing = 0;
		};
/* End PBXResourcesBuildPhase section */

/* Begin PBXSourcesBuildPhase section */
		C95733E92CB4C64C00E35F32 /* Sources */ = {
			isa = PBXSourcesBuildPhase;
			buildActionMask = 2147483647;
			files = (
			);
			runOnlyForDeploymentPostprocessing = 0;
		};
		C95733FE2CB4C64E00E35F32 /* Sources */ = {
			isa = PBXSourcesBuildPhase;
			buildActionMask = 2147483647;
			files = (
			);
			runOnlyForDeploymentPostprocessing = 0;
		};
		C95734082CB4C64E00E35F32 /* Sources */ = {
			isa = PBXSourcesBuildPhase;
			buildActionMask = 2147483647;
			files = (
			);
			runOnlyForDeploymentPostprocessing = 0;
		};
/* End PBXSourcesBuildPhase section */

/* Begin PBXTargetDependency section */
		C95734042CB4C64E00E35F32 /* PBXTargetDependency */ = {
			isa = PBXTargetDependency;
			target = C95733EC2CB4C64C00E35F32 /* echoes */;
			targetProxy = C95734032CB4C64E00E35F32 /* PBXContainerItemProxy */;
		};
		C957340E2CB4C64E00E35F32 /* PBXTargetDependency */ = {
			isa = PBXTargetDependency;
			target = C95733EC2CB4C64C00E35F32 /* echoes */;
			targetProxy = C957340D2CB4C64E00E35F32 /* PBXContainerItemProxy */;
		};
/* End PBXTargetDependency section */

/* Begin XCBuildConfiguration section */
		C95734142CB4C64E00E35F32 /* Debug */ = {
			isa = XCBuildConfiguration;
			buildSettings = {
				ALWAYS_SEARCH_USER_PATHS = NO;
				ASSETCATALOG_COMPILER_GENERATE_SWIFT_ASSET_SYMBOL_EXTENSIONS = YES;
				CLANG_ANALYZER_NONNULL = YES;
				CLANG_ANALYZER_NUMBER_OBJECT_CONVERSION = YES_AGGRESSIVE;
				CLANG_CXX_LANGUAGE_STANDARD = "gnu++20";
				CLANG_ENABLE_MODULES = YES;
				CLANG_ENABLE_OBJC_ARC = YES;
				CLANG_ENABLE_OBJC_WEAK = YES;
				CLANG_WARN_BLOCK_CAPTURE_AUTORELEASING = YES;
				CLANG_WARN_BOOL_CONVERSION = YES;
				CLANG_WARN_COMMA = YES;
				CLANG_WARN_CONSTANT_CONVERSION = YES;
				CLANG_WARN_DEPRECATED_OBJC_IMPLEMENTATIONS = YES;
				CLANG_WARN_DIRECT_OBJC_ISA_USAGE = YES_ERROR;
				CLANG_WARN_DOCUMENTATION_COMMENTS = YES;
				CLANG_WARN_EMPTY_BODY = YES;
				CLANG_WARN_ENUM_CONVERSION = YES;
				CLANG_WARN_INFINITE_RECURSION = YES;
				CLANG_WARN_INT_CONVERSION = YES;
				CLANG_WARN_NON_LITERAL_NULL_CONVERSION = YES;
				CLANG_WARN_OBJC_IMPLICIT_RETAIN_SELF = YES;
				CLANG_WARN_OBJC_LITERAL_CONVERSION = YES;
				CLANG_WARN_OBJC_ROOT_CLASS = YES_ERROR;
				CLANG_WARN_QUOTED_INCLUDE_IN_FRAMEWORK_HEADER = YES;
				CLANG_WARN_RANGE_LOOP_ANALYSIS = YES;
				CLANG_WARN_STRICT_PROTOTYPES = YES;
				CLANG_WARN_SUSPICIOUS_MOVE = YES;
				CLANG_WARN_UNGUARDED_AVAILABILITY = YES_AGGRESSIVE;
				CLANG_WARN_UNREACHABLE_CODE = YES;
				CLANG_WARN__DUPLICATE_METHOD_MATCH = YES;
				COPY_PHASE_STRIP = NO;
				DEBUG_INFORMATION_FORMAT = dwarf;
				ENABLE_STRICT_OBJC_MSGSEND = YES;
				ENABLE_TESTABILITY = YES;
				ENABLE_USER_SCRIPT_SANDBOXING = YES;
				GCC_C_LANGUAGE_STANDARD = gnu17;
				GCC_DYNAMIC_NO_PIC = NO;
				GCC_NO_COMMON_BLOCKS = YES;
				GCC_OPTIMIZATION_LEVEL = 0;
				GCC_PREPROCESSOR_DEFINITIONS = (
					"DEBUG=1",
					"$(inherited)",
				);
				GCC_WARN_64_TO_32_BIT_CONVERSION = YES;
				GCC_WARN_ABOUT_RETURN_TYPE = YES_ERROR;
				GCC_WARN_UNDECLARED_SELECTOR = YES;
				GCC_WARN_UNINITIALIZED_AUTOS = YES_AGGRESSIVE;
				GCC_WARN_UNUSED_FUNCTION = YES;
				GCC_WARN_UNUSED_VARIABLE = YES;
				IPHONEOS_DEPLOYMENT_TARGET = 18.0;
				LOCALIZATION_PREFERS_STRING_CATALOGS = YES;
				MTL_ENABLE_DEBUG_INFO = INCLUDE_SOURCE;
				MTL_FAST_MATH = YES;
				ONLY_ACTIVE_ARCH = YES;
				SDKROOT = iphoneos;
				SWIFT_ACTIVE_COMPILATION_CONDITIONS = "DEBUG $(inherited)";
				SWIFT_OPTIMIZATION_LEVEL = "-Onone";
			};
			name = Debug;
		};
		C95734152CB4C64E00E35F32 /* Release */ = {
			isa = XCBuildConfiguration;
			buildSettings = {
				ALWAYS_SEARCH_USER_PATHS = NO;
				ASSETCATALOG_COMPILER_GENERATE_SWIFT_ASSET_SYMBOL_EXTENSIONS = YES;
				CLANG_ANALYZER_NONNULL = YES;
				CLANG_ANALYZER_NUMBER_OBJECT_CONVERSION = YES_AGGRESSIVE;
				CLANG_CXX_LANGUAGE_STANDARD = "gnu++20";
				CLANG_ENABLE_MODULES = YES;
				CLANG_ENABLE_OBJC_ARC = YES;
				CLANG_ENABLE_OBJC_WEAK = YES;
				CLANG_WARN_BLOCK_CAPTURE_AUTORELEASING = YES;
				CLANG_WARN_BOOL_CONVERSION = YES;
				CLANG_WARN_COMMA = YES;
				CLANG_WARN_CONSTANT_CONVERSION = YES;
				CLANG_WARN_DEPRECATED_OBJC_IMPLEMENTATIONS = YES;
				CLANG_WARN_DIRECT_OBJC_ISA_USAGE = YES_ERROR;
				CLANG_WARN_DOCUMENTATION_COMMENTS = YES;
				CLANG_WARN_EMPTY_BODY = YES;
				CLANG_WARN_ENUM_CONVERSION = YES;
				CLANG_WARN_INFINITE_RECURSION = YES;
				CLANG_WARN_INT_CONVERSION = YES;
				CLANG_WARN_NON_LITERAL_NULL_CONVERSION = YES;
				CLANG_WARN_OBJC_IMPLICIT_RETAIN_SELF = YES;
				CLANG_WARN_OBJC_LITERAL_CONVERSION = YES;
				CLANG_WARN_OBJC_ROOT_CLASS = YES_ERROR;
				CLANG_WARN_QUOTED_INCLUDE_IN_FRAMEWORK_HEADER = YES;
				CLANG_WARN_RANGE_LOOP_ANALYSIS = YES;
				CLANG_WARN_STRICT_PROTOTYPES = YES;
				CLANG_WARN_SUSPICIOUS_MOVE = YES;
				CLANG_WARN_UNGUARDED_AVAILABILITY = YES_AGGRESSIVE;
				CLANG_WARN_UNREACHABLE_CODE = YES;
				CLANG_WARN__DUPLICATE_METHOD_MATCH = YES;
				COPY_PHASE_STRIP = NO;
				DEBUG_INFORMATION_FORMAT = "dwarf-with-dsym";
				ENABLE_NS_ASSERTIONS = NO;
				ENABLE_STRICT_OBJC_MSGSEND = YES;
				ENABLE_USER_SCRIPT_SANDBOXING = YES;
				GCC_C_LANGUAGE_STANDARD = gnu17;
				GCC_NO_COMMON_BLOCKS = YES;
				GCC_WARN_64_TO_32_BIT_CONVERSION = YES;
				GCC_WARN_ABOUT_RETURN_TYPE = YES_ERROR;
				GCC_WARN_UNDECLARED_SELECTOR = YES;
				GCC_WARN_UNINITIALIZED_AUTOS = YES_AGGRESSIVE;
				GCC_WARN_UNUSED_FUNCTION = YES;
				GCC_WARN_UNUSED_VARIABLE = YES;
				IPHONEOS_DEPLOYMENT_TARGET = 18.0;
				LOCALIZATION_PREFERS_STRING_CATALOGS = YES;
				MTL_ENABLE_DEBUG_INFO = NO;
				MTL_FAST_MATH = YES;
				SDKROOT = iphoneos;
				SWIFT_COMPILATION_MODE = wholemodule;
				VALIDATE_PRODUCT = YES;
			};
			name = Release;
		};
		C95734172CB4C64E00E35F32 /* Debug */ = {
			isa = XCBuildConfiguration;
			buildSettings = {
				ASSETCATALOG_COMPILER_APPICON_NAME = AppIcon;
				ASSETCATALOG_COMPILER_GLOBAL_ACCENT_COLOR_NAME = AccentColor;
				CODE_SIGN_STYLE = Automatic;
				CURRENT_PROJECT_VERSION = 1;
				DEVELOPMENT_TEAM = S4Z9KPA382;
				GENERATE_INFOPLIST_FILE = YES;
				INFOPLIST_FILE = echoes/Info.plist;
				INFOPLIST_KEY_UIApplicationSupportsIndirectInputEvents = YES;
				INFOPLIST_KEY_UILaunchStoryboardName = LaunchScreen;
				INFOPLIST_KEY_UIMainStoryboardFile = Main;
				INFOPLIST_KEY_UIStatusBarHidden = YES;
				INFOPLIST_KEY_UISupportedInterfaceOrientations_iPad = "UIInterfaceOrientationPortrait UIInterfaceOrientationPortraitUpsideDown UIInterfaceOrientationLandscapeLeft UIInterfaceOrientationLandscapeRight";
				INFOPLIST_KEY_UISupportedInterfaceOrientations_iPhone = "UIInterfaceOrientationPortrait UIInterfaceOrientationLandscapeLeft UIInterfaceOrientationLandscapeRight";
				LD_RUNPATH_SEARCH_PATHS = (
					"$(inherited)",
					"@executable_path/Frameworks",
				);
				MARKETING_VERSION = 1.0;
				PRODUCT_BUNDLE_IDENTIFIER = rkindarto.echoes;
				PRODUCT_NAME = "$(TARGET_NAME)";
				SWIFT_EMIT_LOC_STRINGS = YES;
				SWIFT_VERSION = 5.0;
				TARGETED_DEVICE_FAMILY = "1,2";
			};
			name = Debug;
		};
		C95734182CB4C64E00E35F32 /* Release */ = {
			isa = XCBuildConfiguration;
			buildSettings = {
				ASSETCATALOG_COMPILER_APPICON_NAME = AppIcon;
				ASSETCATALOG_COMPILER_GLOBAL_ACCENT_COLOR_NAME = AccentColor;
				CODE_SIGN_STYLE = Automatic;
				CURRENT_PROJECT_VERSION = 1;
				DEVELOPMENT_TEAM = S4Z9KPA382;
				GENERATE_INFOPLIST_FILE = YES;
				INFOPLIST_FILE = echoes/Info.plist;
				INFOPLIST_KEY_UIApplicationSupportsIndirectInputEvents = YES;
				INFOPLIST_KEY_UILaunchStoryboardName = LaunchScreen;
				INFOPLIST_KEY_UIMainStoryboardFile = Main;
				INFOPLIST_KEY_UIStatusBarHidden = YES;
				INFOPLIST_KEY_UISupportedInterfaceOrientations_iPad = "UIInterfaceOrientationPortrait UIInterfaceOrientationPortraitUpsideDown UIInterfaceOrientationLandscapeLeft UIInterfaceOrientationLandscapeRight";
				INFOPLIST_KEY_UISupportedInterfaceOrientations_iPhone = "UIInterfaceOrientationPortrait UIInterfaceOrientationLandscapeLeft UIInterfaceOrientationLandscapeRight";
				LD_RUNPATH_SEARCH_PATHS = (
					"$(inherited)",
					"@executable_path/Frameworks",
				);
				MARKETING_VERSION = 1.0;
				PRODUCT_BUNDLE_IDENTIFIER = rkindarto.echoes;
				PRODUCT_NAME = "$(TARGET_NAME)";
				SWIFT_EMIT_LOC_STRINGS = YES;
				SWIFT_VERSION = 5.0;
				TARGETED_DEVICE_FAMILY = "1,2";
			};
			name = Release;
		};
		C957341A2CB4C64E00E35F32 /* Debug */ = {
			isa = XCBuildConfiguration;
			buildSettings = {
				BUNDLE_LOADER = "$(TEST_HOST)";
				CODE_SIGN_STYLE = Automatic;
				CURRENT_PROJECT_VERSION = 1;
				GENERATE_INFOPLIST_FILE = YES;
				IPHONEOS_DEPLOYMENT_TARGET = 18.0;
				MARKETING_VERSION = 1.0;
				PRODUCT_BUNDLE_IDENTIFIER = rkindarto.echoesTests;
				PRODUCT_NAME = "$(TARGET_NAME)";
				SWIFT_EMIT_LOC_STRINGS = NO;
				SWIFT_VERSION = 5.0;
				TARGETED_DEVICE_FAMILY = "1,2";
				TEST_HOST = "$(BUILT_PRODUCTS_DIR)/echoes.app/$(BUNDLE_EXECUTABLE_FOLDER_PATH)/echoes";
			};
			name = Debug;
		};
		C957341B2CB4C64E00E35F32 /* Release */ = {
			isa = XCBuildConfiguration;
			buildSettings = {
				BUNDLE_LOADER = "$(TEST_HOST)";
				CODE_SIGN_STYLE = Automatic;
				CURRENT_PROJECT_VERSION = 1;
				GENERATE_INFOPLIST_FILE = YES;
				IPHONEOS_DEPLOYMENT_TARGET = 18.0;
				MARKETING_VERSION = 1.0;
				PRODUCT_BUNDLE_IDENTIFIER = rkindarto.echoesTests;
				PRODUCT_NAME = "$(TARGET_NAME)";
				SWIFT_EMIT_LOC_STRINGS = NO;
				SWIFT_VERSION = 5.0;
				TARGETED_DEVICE_FAMILY = "1,2";
				TEST_HOST = "$(BUILT_PRODUCTS_DIR)/echoes.app/$(BUNDLE_EXECUTABLE_FOLDER_PATH)/echoes";
			};
			name = Release;
		};
		C957341D2CB4C64E00E35F32 /* Debug */ = {
			isa = XCBuildConfiguration;
			buildSettings = {
				CODE_SIGN_STYLE = Automatic;
				CURRENT_PROJECT_VERSION = 1;
				GENERATE_INFOPLIST_FILE = YES;
				MARKETING_VERSION = 1.0;
				PRODUCT_BUNDLE_IDENTIFIER = rkindarto.echoesUITests;
				PRODUCT_NAME = "$(TARGET_NAME)";
				SWIFT_EMIT_LOC_STRINGS = NO;
				SWIFT_VERSION = 5.0;
				TARGETED_DEVICE_FAMILY = "1,2";
				TEST_TARGET_NAME = echoes;
			};
			name = Debug;
		};
		C957341E2CB4C64E00E35F32 /* Release */ = {
			isa = XCBuildConfiguration;
			buildSettings = {
				CODE_SIGN_STYLE = Automatic;
				CURRENT_PROJECT_VERSION = 1;
				GENERATE_INFOPLIST_FILE = YES;
				MARKETING_VERSION = 1.0;
				PRODUCT_BUNDLE_IDENTIFIER = rkindarto.echoesUITests;
				PRODUCT_NAME = "$(TARGET_NAME)";
				SWIFT_EMIT_LOC_STRINGS = NO;
				SWIFT_VERSION = 5.0;
				TARGETED_DEVICE_FAMILY = "1,2";
				TEST_TARGET_NAME = echoes;
			};
			name = Release;
		};
/* End XCBuildConfiguration section */

/* Begin XCConfigurationList section */
		C95733E82CB4C64C00E35F32 /* Build configuration list for PBXProject "echoes" */ = {
			isa = XCConfigurationList;
			buildConfigurations = (
				C95734142CB4C64E00E35F32 /* Debug */,
				C95734152CB4C64E00E35F32 /* Release */,
			);
			defaultConfigurationIsVisible = 0;
			defaultConfigurationName = Release;
		};
		C95734162CB4C64E00E35F32 /* Build configuration list for PBXNativeTarget "echoes" */ = {
			isa = XCConfigurationList;
			buildConfigurations = (
				C95734172CB4C64E00E35F32 /* Debug */,
				C95734182CB4C64E00E35F32 /* Release */,
			);
			defaultConfigurationIsVisible = 0;
			defaultConfigurationName = Release;
		};
		C95734192CB4C64E00E35F32 /* Build configuration list for PBXNativeTarget "echoesTests" */ = {
			isa = XCConfigurationList;
			buildConfigurations = (
				C957341A2CB4C64E00E35F32 /* Debug */,
				C957341B2CB4C64E00E35F32 /* Release */,
			);
			defaultConfigurationIsVisible = 0;
			defaultConfigurationName = Release;
		};
		C957341C2CB4C64E00E35F32 /* Build configuration list for PBXNativeTarget "echoesUITests" */ = {
			isa = XCConfigurationList;
			buildConfigurations = (
				C957341D2CB4C64E00E35F32 /* Debug */,
				C957341E2CB4C64E00E35F32 /* Release */,
			);
			defaultConfigurationIsVisible = 0;
			defaultConfigurationName = Release;
		};
/* End XCConfigurationList section */
	};
	rootObject = C95733E52CB4C64C00E35F32 /* Project object */;
}
